
Microsoft Visual Studio Solution File, Format Version 12.00
# Visual Studio Version 17
VisualStudioVersion = 17.0.31903.59
MinimumVisualStudioVersion = 10.0.40219.1
Project("{FAE04EC0-301F-11D3-BF4B-00C04F79EFBC}") = "CW.Snow", "src\CW.Snow\CW.Snow.csproj", "{50ECEA73-778C-4DD2-A512-ECDD62AD2AC5}"
EndProject
Project("{FAE04EC0-301F-11D3-BF4B-00C04F79EFBC}") = "CW.BotInput", "src\CW.BotInput\CW.BotInput.csproj", "{AB1A7EAE-F9E7-49C9-B70E-28C60BA227B2}"
EndProject
Project("{FAE04EC0-301F-11D3-BF4B-00C04F79EFBC}") = "CW.WeaponLock", "src\CW.WeaponLock\CW.WeaponLock.csproj", "{629D9897-5856-41DB-ACC2-BE73CBFDEAD9}"
EndProject
Project("{FAE04EC0-301F-11D3-BF4B-00C04F79EFBC}") = "CW.ServerCmds", "src\CW.ServerCmds\CW.ServerCmds.csproj", "{E9BB020C-250B-479C-82B1-F81F56D5DF12}"
EndProject
Project("{FAE04EC0-301F-11D3-BF4B-00C04F79EFBC}") = "CW.WindowSize", "src\CW.WindowSize\CW.WindowSize.csproj", "{F929F1C0-3CA4-4CE2-8C4D-4A0DD511C530}"
EndProject
Project("{FAE04EC0-301F-11D3-BF4B-00C04F79EFBC}") = "CW.ClientEmu", "src\CW.ClientEmu\CW.ClientEmu.csproj", "{05428932-76BC-499B-8C18-F718BC66B89E}"
EndProject
Project("{FAE04EC0-301F-11D3-BF4B-00C04F79EFBC}") = "CW.Bots", "src\CW.Bots\CW.Bots.csproj", "{7C3D1E44-90AB-4F62-9E58-2D71A6C4B015}"
EndProject
Global
	GlobalSection(SolutionConfigurationPlatforms) = preSolution
		Debug|Any CPU = Debug|Any CPU
		Debug|x64 = Debug|x64
		Debug|x86 = Debug|x86
		Release|Any CPU = Release|Any CPU
		Release|x64 = Release|x64
		Release|x86 = Release|x86
	EndGlobalSection
	GlobalSection(ProjectConfigurationPlatforms) = postSolution
		{FEEA9254-E013-47B9-A71D-F3C30026E123}.Debug|Any CPU.ActiveCfg = Debug|Any CPU
		{FEEA9254-E013-47B9-A71D-F3C30026E123}.Debug|Any CPU.Build.0 = Debug|Any CPU
		{FEEA9254-E013-47B9-A71D-F3C30026E123}.Debug|x64.ActiveCfg = Debug|Any CPU
		{FEEA9254-E013-47B9-A71D-F3C30026E123}.Debug|x64.Build.0 = Debug|Any CPU
		{FEEA9254-E013-47B9-A71D-F3C30026E123}.Debug|x86.ActiveCfg = Debug|Any CPU
		{FEEA9254-E013-47B9-A71D-F3C30026E123}.Debug|x86.Build.0 = Debug|Any CPU
		{FEEA9254-E013-47B9-A71D-F3C30026E123}.Release|Any CPU.ActiveCfg = Release|Any CPU
		{FEEA9254-E013-47B9-A71D-F3C30026E123}.Release|Any CPU.Build.0 = Release|Any CPU
		{FEEA9254-E013-47B9-A71D-F3C30026E123}.Release|x64.ActiveCfg = Release|Any CPU
		{FEEA9254-E013-47B9-A71D-F3C30026E123}.Release|x64.Build.0 = Release|Any CPU
		{FEEA9254-E013-47B9-A71D-F3C30026E123}.Release|x86.ActiveCfg = Release|Any CPU
		{FEEA9254-E013-47B9-A71D-F3C30026E123}.Release|x86.Build.0 = Release|Any CPU
		{50ECEA73-778C-4DD2-A512-ECDD62AD2AC5}.Debug|Any CPU.ActiveCfg = Debug|Any CPU
		{50ECEA73-778C-4DD2-A512-ECDD62AD2AC5}.Debug|Any CPU.Build.0 = Debug|Any CPU
		{50ECEA73-778C-4DD2-A512-ECDD62AD2AC5}.Debug|x64.ActiveCfg = Debug|Any CPU
		{50ECEA73-778C-4DD2-A512-ECDD62AD2AC5}.Debug|x64.Build.0 = Debug|Any CPU
		{50ECEA73-778C-4DD2-A512-ECDD62AD2AC5}.Debug|x86.ActiveCfg = Debug|Any CPU
		{50ECEA73-778C-4DD2-A512-ECDD62AD2AC5}.Debug|x86.Build.0 = Debug|Any CPU
		{50ECEA73-778C-4DD2-A512-ECDD62AD2AC5}.Release|Any CPU.ActiveCfg = Release|Any CPU
		{50ECEA73-778C-4DD2-A512-ECDD62AD2AC5}.Release|Any CPU.Build.0 = Release|Any CPU
		{50ECEA73-778C-4DD2-A512-ECDD62AD2AC5}.Release|x64.ActiveCfg = Release|Any CPU
		{50ECEA73-778C-4DD2-A512-ECDD62AD2AC5}.Release|x64.Build.0 = Release|Any CPU
		{50ECEA73-778C-4DD2-A512-ECDD62AD2AC5}.Release|x86.ActiveCfg = Release|Any CPU
		{50ECEA73-778C-4DD2-A512-ECDD62AD2AC5}.Release|x86.Build.0 = Release|Any CPU
		{AB1A7EAE-F9E7-49C9-B70E-28C60BA227B2}.Debug|Any CPU.ActiveCfg = Debug|Any CPU
		{AB1A7EAE-F9E7-49C9-B70E-28C60BA227B2}.Debug|Any CPU.Build.0 = Debug|Any CPU
		{AB1A7EAE-F9E7-49C9-B70E-28C60BA227B2}.Debug|x64.ActiveCfg = Debug|Any CPU
		{AB1A7EAE-F9E7-49C9-B70E-28C60BA227B2}.Debug|x64.Build.0 = Debug|Any CPU
		{AB1A7EAE-F9E7-49C9-B70E-28C60BA227B2}.Debug|x86.ActiveCfg = Debug|Any CPU
		{AB1A7EAE-F9E7-49C9-B70E-28C60BA227B2}.Debug|x86.Build.0 = Debug|Any CPU
		{AB1A7EAE-F9E7-49C9-B70E-28C60BA227B2}.Release|Any CPU.ActiveCfg = Release|Any CPU
		{AB1A7EAE-F9E7-49C9-B70E-28C60BA227B2}.Release|Any CPU.Build.0 = Release|Any CPU
		{AB1A7EAE-F9E7-49C9-B70E-28C60BA227B2}.Release|x64.ActiveCfg = Release|Any CPU
		{AB1A7EAE-F9E7-49C9-B70E-28C60BA227B2}.Release|x64.Build.0 = Release|Any CPU
		{AB1A7EAE-F9E7-49C9-B70E-28C60BA227B2}.Release|x86.ActiveCfg = Release|Any CPU
		{AB1A7EAE-F9E7-49C9-B70E-28C60BA227B2}.Release|x86.Build.0 = Release|Any CPU
		{91A2C31D-09AC-4872-83B3-BD20D36B6A1B}.Debug|Any CPU.ActiveCfg = Debug|Any CPU
		{91A2C31D-09AC-4872-83B3-BD20D36B6A1B}.Debug|Any CPU.Build.0 = Debug|Any CPU
		{91A2C31D-09AC-4872-83B3-BD20D36B6A1B}.Debug|x64.ActiveCfg = Debug|Any CPU
		{91A2C31D-09AC-4872-83B3-BD20D36B6A1B}.Debug|x64.Build.0 = Debug|Any CPU
		{91A2C31D-09AC-4872-83B3-BD20D36B6A1B}.Debug|x86.ActiveCfg = Debug|Any CPU
		{91A2C31D-09AC-4872-83B3-BD20D36B6A1B}.Debug|x86.Build.0 = Debug|Any CPU
		{91A2C31D-09AC-4872-83B3-BD20D36B6A1B}.Release|Any CPU.ActiveCfg = Release|Any CPU
		{91A2C31D-09AC-4872-83B3-BD20D36B6A1B}.Release|Any CPU.Build.0 = Release|Any CPU
		{91A2C31D-09AC-4872-83B3-BD20D36B6A1B}.Release|x64.ActiveCfg = Release|Any CPU
		{91A2C31D-09AC-4872-83B3-BD20D36B6A1B}.Release|x64.Build.0 = Release|Any CPU
		{91A2C31D-09AC-4872-83B3-BD20D36B6A1B}.Release|x86.ActiveCfg = Release|Any CPU
		{91A2C31D-09AC-4872-83B3-BD20D36B6A1B}.Release|x86.Build.0 = Release|Any CPU
		{629D9897-5856-41DB-ACC2-BE73CBFDEAD9}.Debug|Any CPU.ActiveCfg = Debug|Any CPU
		{629D9897-5856-41DB-ACC2-BE73CBFDEAD9}.Debug|Any CPU.Build.0 = Debug|Any CPU
		{629D9897-5856-41DB-ACC2-BE73CBFDEAD9}.Debug|x64.ActiveCfg = Debug|Any CPU
		{629D9897-5856-41DB-ACC2-BE73CBFDEAD9}.Debug|x64.Build.0 = Debug|Any CPU
		{629D9897-5856-41DB-ACC2-BE73CBFDEAD9}.Debug|x86.ActiveCfg = Debug|Any CPU
		{629D9897-5856-41DB-ACC2-BE73CBFDEAD9}.Debug|x86.Build.0 = Debug|Any CPU
		{629D9897-5856-41DB-ACC2-BE73CBFDEAD9}.Release|Any CPU.ActiveCfg = Release|Any CPU
		{629D9897-5856-41DB-ACC2-BE73CBFDEAD9}.Release|Any CPU.Build.0 = Release|Any CPU
		{629D9897-5856-41DB-ACC2-BE73CBFDEAD9}.Release|x64.ActiveCfg = Release|Any CPU
		{629D9897-5856-41DB-ACC2-BE73CBFDEAD9}.Release|x64.Build.0 = Release|Any CPU
		{629D9897-5856-41DB-ACC2-BE73CBFDEAD9}.Release|x86.ActiveCfg = Release|Any CPU
		{629D9897-5856-41DB-ACC2-BE73CBFDEAD9}.Release|x86.Build.0 = Release|Any CPU
		{E9BB020C-250B-479C-82B1-F81F56D5DF12}.Debug|Any CPU.ActiveCfg = Debug|Any CPU
		{E9BB020C-250B-479C-82B1-F81F56D5DF12}.Debug|Any CPU.Build.0 = Debug|Any CPU
		{E9BB020C-250B-479C-82B1-F81F56D5DF12}.Debug|x64.ActiveCfg = Debug|Any CPU
		{E9BB020C-250B-479C-82B1-F81F56D5DF12}.Debug|x64.Build.0 = Debug|Any CPU
		{E9BB020C-250B-479C-82B1-F81F56D5DF12}.Debug|x86.ActiveCfg = Debug|Any CPU
		{E9BB020C-250B-479C-82B1-F81F56D5DF12}.Debug|x86.Build.0 = Debug|Any CPU
		{E9BB020C-250B-479C-82B1-F81F56D5DF12}.Release|Any CPU.ActiveCfg = Release|Any CPU
		{E9BB020C-250B-479C-82B1-F81F56D5DF12}.Release|Any CPU.Build.0 = Release|Any CPU
		{E9BB020C-250B-479C-82B1-F81F56D5DF12}.Release|x64.ActiveCfg = Release|Any CPU
		{E9BB020C-250B-479C-82B1-F81F56D5DF12}.Release|x64.Build.0 = Release|Any CPU
		{E9BB020C-250B-479C-82B1-F81F56D5DF12}.Release|x86.ActiveCfg = Release|Any CPU
		{E9BB020C-250B-479C-82B1-F81F56D5DF12}.Release|x86.Build.0 = Release|Any CPU
		{F929F1C0-3CA4-4CE2-8C4D-4A0DD511C530}.Debug|Any CPU.ActiveCfg = Debug|Any CPU
		{F929F1C0-3CA4-4CE2-8C4D-4A0DD511C530}.Debug|Any CPU.Build.0 = Debug|Any CPU
		{F929F1C0-3CA4-4CE2-8C4D-4A0DD511C530}.Debug|x64.ActiveCfg = Debug|Any CPU
		{F929F1C0-3CA4-4CE2-8C4D-4A0DD511C530}.Debug|x64.Build.0 = Debug|Any CPU
		{F929F1C0-3CA4-4CE2-8C4D-4A0DD511C530}.Debug|x86.ActiveCfg = Debug|Any CPU
		{F929F1C0-3CA4-4CE2-8C4D-4A0DD511C530}.Debug|x86.Build.0 = Debug|Any CPU
		{F929F1C0-3CA4-4CE2-8C4D-4A0DD511C530}.Release|Any CPU.ActiveCfg = Release|Any CPU
		{F929F1C0-3CA4-4CE2-8C4D-4A0DD511C530}.Release|Any CPU.Build.0 = Release|Any CPU
		{F929F1C0-3CA4-4CE2-8C4D-4A0DD511C530}.Release|x64.ActiveCfg = Release|Any CPU
		{F929F1C0-3CA4-4CE2-8C4D-4A0DD511C530}.Release|x64.Build.0 = Release|Any CPU
		{F929F1C0-3CA4-4CE2-8C4D-4A0DD511C530}.Release|x86.ActiveCfg = Release|Any CPU
		{F929F1C0-3CA4-4CE2-8C4D-4A0DD511C530}.Release|x86.Build.0 = Release|Any CPU
		{05428932-76BC-499B-8C18-F718BC66B89E}.Debug|Any CPU.ActiveCfg = Debug|Any CPU
		{05428932-76BC-499B-8C18-F718BC66B89E}.Debug|Any CPU.Build.0 = Debug|Any CPU
		{05428932-76BC-499B-8C18-F718BC66B89E}.Debug|x64.ActiveCfg = Debug|Any CPU
		{05428932-76BC-499B-8C18-F718BC66B89E}.Debug|x64.Build.0 = Debug|Any CPU
		{05428932-76BC-499B-8C18-F718BC66B89E}.Debug|x86.ActiveCfg = Debug|Any CPU
		{05428932-76BC-499B-8C18-F718BC66B89E}.Debug|x86.Build.0 = Debug|Any CPU
		{05428932-76BC-499B-8C18-F718BC66B89E}.Release|Any CPU.ActiveCfg = Release|Any CPU
		{05428932-76BC-499B-8C18-F718BC66B89E}.Release|Any CPU.Build.0 = Release|Any CPU
		{05428932-76BC-499B-8C18-F718BC66B89E}.Release|x64.ActiveCfg = Release|Any CPU
		{05428932-76BC-499B-8C18-F718BC66B89E}.Release|x64.Build.0 = Release|Any CPU
		{05428932-76BC-499B-8C18-F718BC66B89E}.Release|x86.ActiveCfg = Release|Any CPU
		{05428932-76BC-499B-8C18-F718BC66B89E}.Release|x86.Build.0 = Release|Any CPU
		{7C3D1E44-90AB-4F62-9E58-2D71A6C4B015}.Debug|Any CPU.ActiveCfg = Debug|Any CPU
		{7C3D1E44-90AB-4F62-9E58-2D71A6C4B015}.Debug|Any CPU.Build.0 = Debug|Any CPU
		{7C3D1E44-90AB-4F62-9E58-2D71A6C4B015}.Debug|x64.ActiveCfg = Debug|Any CPU
		{7C3D1E44-90AB-4F62-9E58-2D71A6C4B015}.Debug|x64.Build.0 = Debug|Any CPU
		{7C3D1E44-90AB-4F62-9E58-2D71A6C4B015}.Debug|x86.ActiveCfg = Debug|Any CPU
		{7C3D1E44-90AB-4F62-9E58-2D71A6C4B015}.Debug|x86.Build.0 = Debug|Any CPU
		{7C3D1E44-90AB-4F62-9E58-2D71A6C4B015}.Release|Any CPU.ActiveCfg = Release|Any CPU
		{7C3D1E44-90AB-4F62-9E58-2D71A6C4B015}.Release|Any CPU.Build.0 = Release|Any CPU
		{7C3D1E44-90AB-4F62-9E58-2D71A6C4B015}.Release|x64.ActiveCfg = Release|Any CPU
		{7C3D1E44-90AB-4F62-9E58-2D71A6C4B015}.Release|x64.Build.0 = Release|Any CPU
		{7C3D1E44-90AB-4F62-9E58-2D71A6C4B015}.Release|x86.ActiveCfg = Release|Any CPU
		{7C3D1E44-90AB-4F62-9E58-2D71A6C4B015}.Release|x86.Build.0 = Release|Any CPU
	EndGlobalSection
	GlobalSection(SolutionProperties) = preSolution
		HideSolutionNode = FALSE
	EndGlobalSection
EndGlobal
